
Microsoft Visual Studio Solution File, Format Version 12.00
# Visual Studio Version 16
VisualStudioVersion = 16.0.34031.81
MinimumVisualStudioVersion = 10.0.40219.1
Project("{2150E333-8FDC-42A3-9474-1A3956D46DE8}") = "Task0", "Task0", "{EE31309C-57E4-40BB-85DA-B1FFE031A1B9}"
EndProject
Project("{FAE04EC0-301F-11D3-BF4B-00C04F79EFBC}") = "Tyuiu.GoginMA.Sprint2.Task0.V18", "Tyuiu.GoginMA.Sprint2.Task0.V18\Tyuiu.GoginMA.Sprint2.Task0.V18.csproj", "{851E2848-7C2D-4536-BDCA-0E1244F9A49D}"
EndProject
Project("{FAE04EC0-301F-11D3-BF4B-00C04F79EFBC}") = "Tyuiu.GoginMA.Sprint2.Task0.V18.Lib", "Tyuiu.GoginMA.Sprint2.Task0.V18.Lib\Tyuiu.GoginMA.Sprint2.Task0.V18.Lib.csproj", "{10ECDBE7-9FDF-4749-82E2-81740D93F019}"
EndProject
Project("{FAE04EC0-301F-11D3-BF4B-00C04F79EFBC}") = "Tyuiu.GoginMA.Sprint2.Task0.V18.Test", "Tyuiu.GoginMA.Sprint2.Task0.V18.Test\Tyuiu.GoginMA.Sprint2.Task0.V18.Test.csproj", "{E55FB5FD-A052-4939-9B57-5539BE6E00E0}"
EndProject
Project("{2150E333-8FDC-42A3-9474-1A3956D46DE8}") = "Task1", "Task1", "{3A79BBFD-1224-43B2-9875-1D20E77E2411}"
EndProject
Project("{FAE04EC0-301F-11D3-BF4B-00C04F79EFBC}") = "Tyuiu.GoginMA.Sprint2.Task1.V26", "Tyuiu.GoginMA.Sprint2.Task1.V26\Tyuiu.GoginMA.Sprint2.Task1.V26.csproj", "{419DBC05-CF66-457E-A559-38E8E47937CD}"
EndProject
Project("{FAE04EC0-301F-11D3-BF4B-00C04F79EFBC}") = "Tyuiu.GoginMA.Sprint2.Task1.V26.Lib", "Tyuiu.GoginMA.Sprint2.Task1.V26.Lib\Tyuiu.GoginMA.Sprint2.Task1.V26.Lib.csproj", "{A5E13892-B6AD-42C9-BA2E-5D1B5176728D}"
EndProject
Project("{FAE04EC0-301F-11D3-BF4B-00C04F79EFBC}") = "Tyuiu.GoginMA.Sprint2.Task1.V26.Test", "Tyuiu.GoginMA.Sprint2.Task1.V26.Test\Tyuiu.GoginMA.Sprint2.Task1.V26.Test.csproj", "{1F30AB05-FA27-474C-939D-0A2922B5A46A}"
EndProject
Global
	GlobalSection(SolutionConfigurationPlatforms) = preSolution
		Debug|Any CPU = Debug|Any CPU
		Release|Any CPU = Release|Any CPU
	EndGlobalSection
	GlobalSection(ProjectConfigurationPlatforms) = postSolution
		{851E2848-7C2D-4536-BDCA-0E1244F9A49D}.Debug|Any CPU.ActiveCfg = Debug|Any CPU
		{851E2848-7C2D-4536-BDCA-0E1244F9A49D}.Debug|Any CPU.Build.0 = Debug|Any CPU
		{851E2848-7C2D-4536-BDCA-0E1244F9A49D}.Release|Any CPU.ActiveCfg = Release|Any CPU
		{851E2848-7C2D-4536-BDCA-0E1244F9A49D}.Release|Any CPU.Build.0 = Release|Any CPU
		{10ECDBE7-9FDF-4749-82E2-81740D93F019}.Debug|Any CPU.ActiveCfg = Debug|Any CPU
		{10ECDBE7-9FDF-4749-82E2-81740D93F019}.Debug|Any CPU.Build.0 = Debug|Any CPU
		{10ECDBE7-9FDF-4749-82E2-81740D93F019}.Release|Any CPU.ActiveCfg = Release|Any CPU
		{10ECDBE7-9FDF-4749-82E2-81740D93F019}.Release|Any CPU.Build.0 = Release|Any CPU
		{E55FB5FD-A052-4939-9B57-5539BE6E00E0}.Debug|Any CPU.ActiveCfg = Debug|Any CPU
		{E55FB5FD-A052-4939-9B57-5539BE6E00E0}.Debug|Any CPU.Build.0 = Debug|Any CPU
		{E55FB5FD-A052-4939-9B57-5539BE6E00E0}.Release|Any CPU.ActiveCfg = Release|Any CPU
		{E55FB5FD-A052-4939-9B57-5539BE6E00E0}.Release|Any CPU.Build.0 = Release|Any CPU
		{419DBC05-CF66-457E-A559-38E8E47937CD}.Debug|Any CPU.ActiveCfg = Debug|Any CPU
		{419DBC05-CF66-457E-A559-38E8E47937CD}.Debug|Any CPU.Build.0 = Debug|Any CPU
		{419DBC05-CF66-457E-A559-38E8E47937CD}.Release|Any CPU.ActiveCfg = Release|Any CPU
		{419DBC05-CF66-457E-A559-38E8E47937CD}.Release|Any CPU.Build.0 = Release|Any CPU
		{A5E13892-B6AD-42C9-BA2E-5D1B5176728D}.Debug|Any CPU.ActiveCfg = Debug|Any CPU
		{A5E13892-B6AD-42C9-BA2E-5D1B5176728D}.Debug|Any CPU.Build.0 = Debug|Any CPU
		{A5E13892-B6AD-42C9-BA2E-5D1B5176728D}.Release|Any CPU.ActiveCfg = Release|Any CPU
		{A5E13892-B6AD-42C9-BA2E-5D1B5176728D}.Release|Any CPU.Build.0 = Release|Any CPU
		{1F30AB05-FA27-474C-939D-0A2922B5A46A}.Debug|Any CPU.ActiveCfg = Debug|Any CPU
		{1F30AB05-FA27-474C-939D-0A2922B5A46A}.Debug|Any CPU.Build.0 = Debug|Any CPU
		{1F30AB05-FA27-474C-939D-0A2922B5A46A}.Release|Any CPU.ActiveCfg = Release|Any CPU
		{1F30AB05-FA27-474C-939D-0A2922B5A46A}.Release|Any CPU.Build.0 = Release|Any CPU
	EndGlobalSection
	GlobalSection(SolutionProperties) = preSolution
		HideSolutionNode = FALSE
	EndGlobalSection
	GlobalSection(NestedProjects) = preSolution
		{851E2848-7C2D-4536-BDCA-0E1244F9A49D} = {EE31309C-57E4-40BB-85DA-B1FFE031A1B9}
		{10ECDBE7-9FDF-4749-82E2-81740D93F019} = {EE31309C-57E4-40BB-85DA-B1FFE031A1B9}
		{E55FB5FD-A052-4939-9B57-5539BE6E00E0} = {EE31309C-57E4-40BB-85DA-B1FFE031A1B9}
		{419DBC05-CF66-457E-A559-38E8E47937CD} = {3A79BBFD-1224-43B2-9875-1D20E77E2411}
		{A5E13892-B6AD-42C9-BA2E-5D1B5176728D} = {3A79BBFD-1224-43B2-9875-1D20E77E2411}
		{1F30AB05-FA27-474C-939D-0A2922B5A46A} = {3A79BBFD-1224-43B2-9875-1D20E77E2411}
	EndGlobalSection
	GlobalSection(ExtensibilityGlobals) = postSolution
		SolutionGuid = {5BAB64D8-1300-4654-976A-CC4C1ACCFEAE}
	EndGlobalSection
EndGlobal
